
Microsoft Visual Studio Solution File, Format Version 12.00
# Visual Studio Version 16
VisualStudioVersion = 16.0.31112.23
MinimumVisualStudioVersion = 10.0.40219.1
Project("{9A19103F-16F7-4668-BE54-9A1E7A4F7556}") = "TML.Files", "TML.Files\TML.Files.csproj", "{16A80AA9-7D0A-448E-A9BA-F46D0C526CF2}"
EndProject
Project("{2150E333-8FDC-42A3-9474-1A3956D46DE8}") = "Solution Items", "Solution Items", "{84C6D195-9345-4E2D-A5EF-B9A4151926C8}"
	ProjectSection(SolutionItems) = preProject
		.gitignore = .gitignore
		icon.ico = icon.ico
		logo.png = logo.png
		README.md = README.md
		RELEASENOTES.md = RELEASENOTES.md
	EndProjectSection
EndProject
Project("{9A19103F-16F7-4668-BE54-9A1E7A4F7556}") = "TML.Patcher.CLI", "TML.Patcher.CLI\TML.Patcher.CLI.csproj", "{AF5A9ABD-23F2-452D-8482-DC38EA255C3F}"
EndProject
Project("{9A19103F-16F7-4668-BE54-9A1E7A4F7556}") = "TML.Patcher", "TML.Patcher\TML.Patcher.csproj", "{3780CF96-4901-4327-A70A-66CC9F3D02CF}"
EndProject
Global
	GlobalSection(SolutionConfigurationPlatforms) = preSolution
		Debug|Any CPU = Debug|Any CPU
		Release|Any CPU = Release|Any CPU
	EndGlobalSection
	GlobalSection(ProjectConfigurationPlatforms) = postSolution
		{16A80AA9-7D0A-448E-A9BA-F46D0C526CF2}.Debug|Any CPU.ActiveCfg = Debug|Any CPU
		{16A80AA9-7D0A-448E-A9BA-F46D0C526CF2}.Debug|Any CPU.Build.0 = Debug|Any CPU
		{16A80AA9-7D0A-448E-A9BA-F46D0C526CF2}.Release|Any CPU.ActiveCfg = Release|Any CPU
		{16A80AA9-7D0A-448E-A9BA-F46D0C526CF2}.Release|Any CPU.Build.0 = Release|Any CPU
		{AF5A9ABD-23F2-452D-8482-DC38EA255C3F}.Debug|Any CPU.ActiveCfg = Debug|Any CPU
		{AF5A9ABD-23F2-452D-8482-DC38EA255C3F}.Debug|Any CPU.Build.0 = Debug|Any CPU
		{AF5A9ABD-23F2-452D-8482-DC38EA255C3F}.Release|Any CPU.ActiveCfg = Release|Any CPU
		{AF5A9ABD-23F2-452D-8482-DC38EA255C3F}.Release|Any CPU.Build.0 = Release|Any CPU
		{3780CF96-4901-4327-A70A-66CC9F3D02CF}.Debug|Any CPU.ActiveCfg = Debug|Any CPU
		{3780CF96-4901-4327-A70A-66CC9F3D02CF}.Debug|Any CPU.Build.0 = Debug|Any CPU
		{3780CF96-4901-4327-A70A-66CC9F3D02CF}.Release|Any CPU.ActiveCfg = Release|Any CPU
		{3780CF96-4901-4327-A70A-66CC9F3D02CF}.Release|Any CPU.Build.0 = Release|Any CPU
	EndGlobalSection
	GlobalSection(SolutionProperties) = preSolution
		HideSolutionNode = FALSE
	EndGlobalSection
	GlobalSection(ExtensibilityGlobals) = postSolution
		SolutionGuid = {5E002ACB-39F6-4080-830B-192C9DCA6A55}
	EndGlobalSection
EndGlobal
