
Microsoft Visual Studio Solution File, Format Version 12.00
# Visual Studio Version 16
VisualStudioVersion = 16.0.31112.23
MinimumVisualStudioVersion = 10.0.40219.1
Project("{FAE04EC0-301F-11D3-BF4B-00C04F79EFBC}") = "TMLPatcher", "TMLPatcher.csproj", "{4B4CA350-F544-44CC-A976-968E7CA36B34}"
EndProject
Global
	GlobalSection(SolutionConfigurationPlatforms) = preSolution
		Debug|Any CPU = Debug|Any CPU
		Release|Any CPU = Release|Any CPU
	EndGlobalSection
	GlobalSection(ProjectConfigurationPlatforms) = postSolution
		{4B4CA350-F544-44CC-A976-968E7CA36B34}.Debug|Any CPU.ActiveCfg = Debug|Any CPU
		{4B4CA350-F544-44CC-A976-968E7CA36B34}.Debug|Any CPU.Build.0 = Debug|Any CPU
		{4B4CA350-F544-44CC-A976-968E7CA36B34}.Release|Any CPU.ActiveCfg = Release|Any CPU
		{4B4CA350-F544-44CC-A976-968E7CA36B34}.Release|Any CPU.Build.0 = Release|Any CPU
	EndGlobalSection
	GlobalSection(SolutionProperties) = preSolution
		HideSolutionNode = FALSE
	EndGlobalSection
	GlobalSection(ExtensibilityGlobals) = postSolution
		SolutionGuid = {95902C7E-17BA-4EEA-9DA3-9CE5A5CE6034}
	EndGlobalSection
EndGlobal
