
Microsoft Visual Studio Solution File, Format Version 12.00
# Visual Studio Version 16
VisualStudioVersion = 16.0.31112.23
MinimumVisualStudioVersion = 10.0.40219.1
Project("{FAE04EC0-301F-11D3-BF4B-00C04F79EFBC}") = "Tomat.FNB", "Tomat.FNB\Tomat.FNB.csproj", "{D6BAEB78-8046-4FFA-8EE9-B4A98804BC05}"
EndProject
Project("{FAE04EC0-301F-11D3-BF4B-00C04F79EFBC}") = "Tomat.FNB.TMOD", "Tomat.FNB.TMOD\Tomat.FNB.TMOD.csproj", "{CDFAEB86-9FDA-4CBA-825E-7125217200C3}"
EndProject
Project("{FAE04EC0-301F-11D3-BF4B-00C04F79EFBC}") = "Tomat.FNB.Common", "Tomat.FNB.Common\Tomat.FNB.Common.csproj", "{271CE3B6-F277-4D73-BC32-3F25974790A2}"
EndProject
Project("{FAE04EC0-301F-11D3-BF4B-00C04F79EFBC}") = "Tomat.FNB.Benchmarks", "Tomat.FNB.Benchmarks\Tomat.FNB.Benchmarks.csproj", "{C036F7EB-3B26-47BD-9E8A-8C72A73A273F}"
EndProject
Project("{FAE04EC0-301F-11D3-BF4B-00C04F79EFBC}") = "Tomat.FNB.Tests", "Tomat.FNB.Tests\Tomat.FNB.Tests.csproj", "{E57AC395-6C83-4D06-A6AF-6A8D4EA24594}"
EndProject
Project("{2150E333-8FDC-42A3-9474-1A3956D46DE8}") = "meta", "meta", "{A113D8B8-2CFE-48B2-A58C-87BE71B500EF}"
EndProject
Project("{FAE04EC0-301F-11D3-BF4B-00C04F79EFBC}") = "Tomat.FNB.Common.Deflate", "Tomat.FNB.Common.Deflate\Tomat.FNB.Common.Deflate.csproj", "{865D5161-6145-48A3-9713-67651B763D6D}"
EndProject
Global
	GlobalSection(SolutionConfigurationPlatforms) = preSolution
		Debug|Any CPU = Debug|Any CPU
		Release|Any CPU = Release|Any CPU
	EndGlobalSection
	GlobalSection(ProjectConfigurationPlatforms) = postSolution
		{D6BAEB78-8046-4FFA-8EE9-B4A98804BC05}.Debug|Any CPU.ActiveCfg = Debug|Any CPU
		{D6BAEB78-8046-4FFA-8EE9-B4A98804BC05}.Debug|Any CPU.Build.0 = Debug|Any CPU
		{D6BAEB78-8046-4FFA-8EE9-B4A98804BC05}.Release|Any CPU.ActiveCfg = Release|Any CPU
		{D6BAEB78-8046-4FFA-8EE9-B4A98804BC05}.Release|Any CPU.Build.0 = Release|Any CPU
		{CDFAEB86-9FDA-4CBA-825E-7125217200C3}.Debug|Any CPU.ActiveCfg = Debug|Any CPU
		{CDFAEB86-9FDA-4CBA-825E-7125217200C3}.Debug|Any CPU.Build.0 = Debug|Any CPU
		{CDFAEB86-9FDA-4CBA-825E-7125217200C3}.Release|Any CPU.ActiveCfg = Release|Any CPU
		{CDFAEB86-9FDA-4CBA-825E-7125217200C3}.Release|Any CPU.Build.0 = Release|Any CPU
		{271CE3B6-F277-4D73-BC32-3F25974790A2}.Debug|Any CPU.ActiveCfg = Debug|Any CPU
		{271CE3B6-F277-4D73-BC32-3F25974790A2}.Debug|Any CPU.Build.0 = Debug|Any CPU
		{271CE3B6-F277-4D73-BC32-3F25974790A2}.Release|Any CPU.ActiveCfg = Release|Any CPU
		{271CE3B6-F277-4D73-BC32-3F25974790A2}.Release|Any CPU.Build.0 = Release|Any CPU
		{C036F7EB-3B26-47BD-9E8A-8C72A73A273F}.Debug|Any CPU.ActiveCfg = Debug|Any CPU
		{C036F7EB-3B26-47BD-9E8A-8C72A73A273F}.Debug|Any CPU.Build.0 = Debug|Any CPU
		{C036F7EB-3B26-47BD-9E8A-8C72A73A273F}.Release|Any CPU.ActiveCfg = Release|Any CPU
		{C036F7EB-3B26-47BD-9E8A-8C72A73A273F}.Release|Any CPU.Build.0 = Release|Any CPU
		{E57AC395-6C83-4D06-A6AF-6A8D4EA24594}.Debug|Any CPU.ActiveCfg = Debug|Any CPU
		{E57AC395-6C83-4D06-A6AF-6A8D4EA24594}.Debug|Any CPU.Build.0 = Debug|Any CPU
		{E57AC395-6C83-4D06-A6AF-6A8D4EA24594}.Release|Any CPU.ActiveCfg = Release|Any CPU
		{E57AC395-6C83-4D06-A6AF-6A8D4EA24594}.Release|Any CPU.Build.0 = Release|Any CPU
		{865D5161-6145-48A3-9713-67651B763D6D}.Debug|Any CPU.ActiveCfg = Debug|Any CPU
		{865D5161-6145-48A3-9713-67651B763D6D}.Debug|Any CPU.Build.0 = Debug|Any CPU
		{865D5161-6145-48A3-9713-67651B763D6D}.Release|Any CPU.ActiveCfg = Release|Any CPU
		{865D5161-6145-48A3-9713-67651B763D6D}.Release|Any CPU.Build.0 = Release|Any CPU
	EndGlobalSection
	GlobalSection(SolutionProperties) = preSolution
		HideSolutionNode = FALSE
	EndGlobalSection
	GlobalSection(ExtensibilityGlobals) = postSolution
		SolutionGuid = {5E002ACB-39F6-4080-830B-192C9DCA6A55}
	EndGlobalSection
	GlobalSection(NestedProjects) = preSolution
		{E57AC395-6C83-4D06-A6AF-6A8D4EA24594} = {A113D8B8-2CFE-48B2-A58C-87BE71B500EF}
		{C036F7EB-3B26-47BD-9E8A-8C72A73A273F} = {A113D8B8-2CFE-48B2-A58C-87BE71B500EF}
	EndGlobalSection
EndGlobal
