
Microsoft Visual Studio Solution File, Format Version 12.00
# Visual Studio Version 17
VisualStudioVersion = 17.0.31903.59
MinimumVisualStudioVersion = 10.0.40219.1
Project("{FAE04EC0-301F-11D3-BF4B-00C04F79EFBC}") = "Tomat.FNB.CLI", "Tomat.FNB.CLI\Tomat.FNB.CLI.csproj", "{7E63D14F-89FB-429B-90DF-D04591561FF7}"
EndProject
Project("{FAE04EC0-301F-11D3-BF4B-00C04F79EFBC}") = "Tomat.FNB.Common", "Tomat.FNB.Common\Tomat.FNB.Common.csproj", "{100BEADD-53D5-401F-959C-F2B2EC683278}"
EndProject
Global
	GlobalSection(SolutionConfigurationPlatforms) = preSolution
		Debug|Any CPU = Debug|Any CPU
		Release|Any CPU = Release|Any CPU
	EndGlobalSection
	GlobalSection(SolutionProperties) = preSolution
		HideSolutionNode = FALSE
	EndGlobalSection
	GlobalSection(ProjectConfigurationPlatforms) = postSolution
		{7E63D14F-89FB-429B-90DF-D04591561FF7}.Debug|Any CPU.ActiveCfg = Debug|Any CPU
		{7E63D14F-89FB-429B-90DF-D04591561FF7}.Debug|Any CPU.Build.0 = Debug|Any CPU
		{7E63D14F-89FB-429B-90DF-D04591561FF7}.Release|Any CPU.ActiveCfg = Release|Any CPU
		{7E63D14F-89FB-429B-90DF-D04591561FF7}.Release|Any CPU.Build.0 = Release|Any CPU
		{100BEADD-53D5-401F-959C-F2B2EC683278}.Debug|Any CPU.ActiveCfg = Debug|Any CPU
		{100BEADD-53D5-401F-959C-F2B2EC683278}.Debug|Any CPU.Build.0 = Debug|Any CPU
		{100BEADD-53D5-401F-959C-F2B2EC683278}.Release|Any CPU.ActiveCfg = Release|Any CPU
		{100BEADD-53D5-401F-959C-F2B2EC683278}.Release|Any CPU.Build.0 = Release|Any CPU
	EndGlobalSection
EndGlobal
