
Microsoft Visual Studio Solution File, Format Version 12.00
# Visual Studio Version 16
VisualStudioVersion = 16.0.31112.23
MinimumVisualStudioVersion = 10.0.40219.1
Project("{FAE04EC0-301F-11D3-BF4B-00C04F79EFBC}") = "Tomat.FNB", "Tomat.FNB\Tomat.FNB.csproj", "{D6BAEB78-8046-4FFA-8EE9-B4A98804BC05}"
EndProject
Project("{FAE04EC0-301F-11D3-BF4B-00C04F79EFBC}") = "Tomat.FNB.TMOD", "Tomat.FNB.TMOD\Tomat.FNB.TMOD.csproj", "{CDFAEB86-9FDA-4CBA-825E-7125217200C3}"
EndProject
Project("{FAE04EC0-301F-11D3-BF4B-00C04F79EFBC}") = "Tomat.FNB.Common", "Tomat.FNB.Common\Tomat.FNB.Common.csproj", "{271CE3B6-F277-4D73-BC32-3F25974790A2}"
EndProject
Global
	GlobalSection(SolutionConfigurationPlatforms) = preSolution
		Debug|Any CPU = Debug|Any CPU
		Release|Any CPU = Release|Any CPU
	EndGlobalSection
	GlobalSection(ProjectConfigurationPlatforms) = postSolution
		{D6BAEB78-8046-4FFA-8EE9-B4A98804BC05}.Debug|Any CPU.ActiveCfg = Debug|Any CPU
		{D6BAEB78-8046-4FFA-8EE9-B4A98804BC05}.Debug|Any CPU.Build.0 = Debug|Any CPU
		{D6BAEB78-8046-4FFA-8EE9-B4A98804BC05}.Release|Any CPU.ActiveCfg = Release|Any CPU
		{D6BAEB78-8046-4FFA-8EE9-B4A98804BC05}.Release|Any CPU.Build.0 = Release|Any CPU
		{CDFAEB86-9FDA-4CBA-825E-7125217200C3}.Debug|Any CPU.ActiveCfg = Debug|Any CPU
		{CDFAEB86-9FDA-4CBA-825E-7125217200C3}.Debug|Any CPU.Build.0 = Debug|Any CPU
		{CDFAEB86-9FDA-4CBA-825E-7125217200C3}.Release|Any CPU.ActiveCfg = Release|Any CPU
		{CDFAEB86-9FDA-4CBA-825E-7125217200C3}.Release|Any CPU.Build.0 = Release|Any CPU
		{271CE3B6-F277-4D73-BC32-3F25974790A2}.Debug|Any CPU.ActiveCfg = Debug|Any CPU
		{271CE3B6-F277-4D73-BC32-3F25974790A2}.Debug|Any CPU.Build.0 = Debug|Any CPU
		{271CE3B6-F277-4D73-BC32-3F25974790A2}.Release|Any CPU.ActiveCfg = Release|Any CPU
		{271CE3B6-F277-4D73-BC32-3F25974790A2}.Release|Any CPU.Build.0 = Release|Any CPU
	EndGlobalSection
	GlobalSection(SolutionProperties) = preSolution
		HideSolutionNode = FALSE
	EndGlobalSection
	GlobalSection(ExtensibilityGlobals) = postSolution
		SolutionGuid = {5E002ACB-39F6-4080-830B-192C9DCA6A55}
	EndGlobalSection
EndGlobal
